PODS:
  - ArcGIS-Runtime-SDK-iOS (100.13)
  - ArsdkEngine (7.0.1):
    - GroundSdk (= 7.0.1)
    - SwiftProtobuf (= 1.13.0)
  - GroundSdk (7.0.1):
    - SdkCore (= 7.0.1)
  - KeychainAccess (4.2.2)
  - lottie-ios (3.3.0)
  - OpenFlightCore (7.0.1)
  - ReachabilitySwift (5.0.0)
  - Reusable (4.1.2):
    - Reusable/Storyboard (= 4.1.2)
    - Reusable/View (= 4.1.2)
  - Reusable/Storyboard (4.1.2)
  - Reusable/View (4.1.2)
  - SdkCore (7.0.1)
  - SwiftProtobuf (1.13.0)
  - SwiftyUserDefaults (5.3.0)

DEPENDENCIES:
  - ArcGIS-Runtime-SDK-iOS
  - ArsdkEngine (~> 7.0.0)
  - GroundSdk (~> 7.0.0)
  - KeychainAccess
  - lottie-ios
  - OpenFlightCore (~> 7.0.1)
  - ReachabilitySwift
  - Reusable
  - SdkCore (~> 7.0.0)
  - SwiftyUserDefaults

SPEC REPOS:
  trunk:
    - ArcGIS-Runtime-SDK-iOS
    - ArsdkEngine
    - GroundSdk
    - KeychainAccess
    - lottie-ios
    - OpenFlightCore
    - ReachabilitySwift
    - Reusable
    - SdkCore
    - SwiftProtobuf
    - SwiftyUserDefaults

SPEC CHECKSUMS:
  ArcGIS-Runtime-SDK-iOS: 7cd7a18181a17a5fb81ac01313856b9e26937c29
  ArsdkEngine: 272c42fd08bdc850cc9153021ef2aed8975b991b
  GroundSdk: 80e3244934157f1c5e9a81887bf7719e468963e0
  KeychainAccess: c0c4f7f38f6fc7bbe58f5702e25f7bd2f65abf51
  lottie-ios: 6ac74dcc09904798f59b18cb3075c089d76be9ae
  OpenFlightCore: 86f4f8ace8167ab1d595ec754899fff673185d95
  ReachabilitySwift: 985039c6f7b23a1da463388634119492ff86c825
  Reusable: 6bae6a5e8aa793c9c441db0213c863a64bce9136
  SdkCore: bcfb7e8b129ef895c07271a70d6de4103d05d501
  SwiftProtobuf: fd4693388a96c8c2df35d3b063272b0e7c499d00
  SwiftyUserDefaults: 63f80248cf5bfb3458825d9a78f2eb7e1293a040

PODFILE CHECKSUM: f4949189890b67f9c2744368f16301f1836a53fa

COCOAPODS: 1.11.2
